
Microsoft Visual Studio Solution File, Format Version 12.00
# Visual Studio Version 17
VisualStudioVersion = 17.14.36518.9 d17.14
MinimumVisualStudioVersion = 10.0.40219.1
Project("{FAE04EC0-301F-11D3-BF4B-00C04F79EFBC}") = "PracticeTestOOP3", "PracticeTestOOP3\PracticeTestOOP3.csproj", "{17EBB90C-58B8-49D1-AA27-DDED1FB087AA}"
EndProject
Global
	GlobalSection(SolutionConfigurationPlatforms) = preSolution
		Debug|Any CPU = Debug|Any CPU
		Release|Any CPU = Release|Any CPU
	EndGlobalSection
	GlobalSection(ProjectConfigurationPlatforms) = postSolution
		{17EBB90C-58B8-49D1-AA27-DDED1FB087AA}.Debug|Any CPU.ActiveCfg = Debug|Any CPU
		{17EBB90C-58B8-49D1-AA27-DDED1FB087AA}.Debug|Any CPU.Build.0 = Debug|Any CPU
		{17EBB90C-58B8-49D1-AA27-DDED1FB087AA}.Release|Any CPU.ActiveCfg = Release|Any CPU
		{17EBB90C-58B8-49D1-AA27-DDED1FB087AA}.Release|Any CPU.Build.0 = Release|Any CPU
	EndGlobalSection
	GlobalSection(SolutionProperties) = preSolution
		HideSolutionNode = FALSE
	EndGlobalSection
	GlobalSection(ExtensibilityGlobals) = postSolution
		SolutionGuid = {8974E591-061D-4458-A6AE-F2A296159630}
	EndGlobalSection
EndGlobal
